
Microsoft Visual Studio Solution File, Format Version 12.00
# Visual Studio Version 17
VisualStudioVersion = 17.14.36212.18 d17.14
MinimumVisualStudioVersion = 10.0.40219.1
Project("{FAE04EC0-301F-11D3-BF4B-00C04F79EFBC}") = "BigAuthApi", "BigAuthApi\BigAuthApi.csproj", "{953EFA88-2762-4030-9D92-265FC19F4F62}"
EndProject
Global
	GlobalSection(SolutionConfigurationPlatforms) = preSolution
		Debug|Any CPU = Debug|Any CPU
		Release|Any CPU = Release|Any CPU
	EndGlobalSection
	GlobalSection(ProjectConfigurationPlatforms) = postSolution
		{953EFA88-2762-4030-9D92-265FC19F4F62}.Debug|Any CPU.ActiveCfg = Debug|Any CPU
		{953EFA88-2762-4030-9D92-265FC19F4F62}.Debug|Any CPU.Build.0 = Debug|Any CPU
		{953EFA88-2762-4030-9D92-265FC19F4F62}.Release|Any CPU.ActiveCfg = Release|Any CPU
		{953EFA88-2762-4030-9D92-265FC19F4F62}.Release|Any CPU.Build.0 = Release|Any CPU
	EndGlobalSection
	GlobalSection(SolutionProperties) = preSolution
		HideSolutionNode = FALSE
	EndGlobalSection
	GlobalSection(ExtensibilityGlobals) = postSolution
		SolutionGuid = {3F0365A9-BEA1-41F5-A188-66F7C3BB08CD}
	EndGlobalSection
EndGlobal
